
Microsoft Visual Studio Solution File, Format Version 12.00
# Visual Studio Version 16
VisualStudioVersion = 16.0.31112.23
MinimumVisualStudioVersion = 10.0.40219.1
Project("{FAE04EC0-301F-11D3-BF4B-00C04F79EFBC}") = "Crypt_6_Kos", "Crypt_6_Kos\Crypt_6_Kos.csproj", "{E2D0F438-23B5-46CB-AFA1-CDE33558AAEF}"
EndProject
Global
	GlobalSection(SolutionConfigurationPlatforms) = preSolution
		Debug|Any CPU = Debug|Any CPU
		Release|Any CPU = Release|Any CPU
	EndGlobalSection
	GlobalSection(ProjectConfigurationPlatforms) = postSolution
		{E2D0F438-23B5-46CB-AFA1-CDE33558AAEF}.Debug|Any CPU.ActiveCfg = Debug|Any CPU
		{E2D0F438-23B5-46CB-AFA1-CDE33558AAEF}.Debug|Any CPU.Build.0 = Debug|Any CPU
		{E2D0F438-23B5-46CB-AFA1-CDE33558AAEF}.Release|Any CPU.ActiveCfg = Release|Any CPU
		{E2D0F438-23B5-46CB-AFA1-CDE33558AAEF}.Release|Any CPU.Build.0 = Release|Any CPU
	EndGlobalSection
	GlobalSection(SolutionProperties) = preSolution
		HideSolutionNode = FALSE
	EndGlobalSection
	GlobalSection(ExtensibilityGlobals) = postSolution
		SolutionGuid = {4B3C59D5-CD6B-47F6-A9D7-9A2763FF9347}
	EndGlobalSection
EndGlobal
